%{
  "avrora": {:hex, :avrora, "0.23.0", "e63b1dd34636b6eba33dbf2913efbbc0b697149c533b6f88f0ffd95c08710b60", [:mix], [{:erlavro, "~> 2.9.3", [hex: :erlavro, repo: "hexpm", optional: false]}, {:jason, "~> 1.0", [hex: :jason, repo: "hexpm", optional: false]}], "hexpm", "27b6230968b4b638059707d388455d6e02b6ff337045fd208a439a01a0d14447"},
  "cloudevents": {:hex, :cloudevents, "0.4.0", "bf8b38fe530f0507db4e056818c8742fa96daa06367681cb126a782fb4526ba5", [:mix], [{:avrora, "~> 0.11", [hex: :avrora, repo: "hexpm", optional: false]}, {:jason, "~> 1.2", [hex: :jason, repo: "hexpm", optional: false]}, {:typed_struct, "~> 0.2.0", [hex: :typed_struct, repo: "hexpm", optional: false]}], "hexpm", "9a971243124c43302b8a996143cc3f391353abe5a83485c81c92986385d27455"},
  "cowlib": {:hex, :cowlib, "2.11.0", "0b9ff9c346629256c42ebe1eeb769a83c6cb771a6ee5960bd110ab0b9b872063", [:make, :rebar3], [], "hexpm", "2b3e9da0b21c4565751a6d4901c20d1b4cc25cbb7fd50d91d2ab6dd287bc86a9"},
  "ed25519": {:hex, :ed25519, "1.3.3", "177688baf1ae6e3b1a2eb4d3bc873cd1b070885ecf804342a1b82c2af97de21e", [:mix], [], "hexpm", "cdbcd139f1281d3576346dcaca3777485084a9ffaba2af93fe07dab8045012e4"},
  "erlavro": {:hex, :erlavro, "2.9.3", "673fd6c131cc39de36858648efd544e7958c5aea8ba18e278fc682502aae39e2", [:make, :rebar, :rebar3], [{:jsone, "1.4.6", [hex: :jsone, repo: "hexpm", optional: false]}], "hexpm", "4b02a8ddfa4ef84a23c0d216cfb60c54b6a7f0d1040ac9c92dff3f6485a7fb9f"},
  "gnat": {:hex, :gnat, "1.3.0", "b67309abff6c4ec3f96aa8b477837eb3890292e987cb382de7b05d051c278df1", [:mix], [{:cowlib, "~> 2.0", [hex: :cowlib, repo: "hexpm", optional: false]}, {:jason, "~> 1.1", [hex: :jason, repo: "hexpm", optional: false]}, {:nimble_parsec, "~> 0.5 or ~> 1.0", [hex: :nimble_parsec, repo: "hexpm", optional: false]}, {:nkeys, "~> 0.2", [hex: :nkeys, repo: "hexpm", optional: false]}, {:telemetry, "~> 0.4 or ~> 1.0", [hex: :telemetry, repo: "hexpm", optional: false]}], "hexpm", "6db2a8913fb5bae4741ff3983b56e1ec8ba4f67483600ce966646f1e00db6e3d"},
  "jason": {:hex, :jason, "1.2.2", "ba43e3f2709fd1aa1dce90aaabfd039d000469c05c56f0b8e31978e03fa39052", [:mix], [{:decimal, "~> 1.0 or ~> 2.0", [hex: :decimal, repo: "hexpm", optional: true]}], "hexpm", "18a228f5f0058ee183f29f9eae0805c6e59d61c3b006760668d8d18ff0d12179"},
  "jsone": {:hex, :jsone, "1.4.6", "644d6d57befb22c8e19b324dee19d73b1c004565009861a8f64c68b7b9e64dbf", [:rebar3], [], "hexpm", "78eee8bb38f0bee2e73673d71bc75fc6fb01f56f0d23e769a26eee3655487a38"},
  "lattice_observer": {:git, "https://github.com/wasmcloud/lattice-observer", "f33eaed16e1e0b50fc10639235b2de8e9b44c93b", []},
  "nimble_parsec": {:hex, :nimble_parsec, "1.2.0", "b44d75e2a6542dcb6acf5d71c32c74ca88960421b6874777f79153bbbbd7dccc", [:mix], [], "hexpm", "52b2871a7515a5ac49b00f214e4165a40724cf99798d8e4a65e4fd64ebd002c1"},
  "nkeys": {:hex, :nkeys, "0.2.1", "c183105135de9d0c07d649f6a13e39792b095772cdbeaacf37dea4e35b647100", [:mix], [{:ed25519, "~> 1.3", [hex: :ed25519, repo: "hexpm", optional: false]}], "hexpm", "946551188bd103559e5129835f782f32ea26027d0ee7063eb6910ffd707fc1aa"},
  "telemetry": {:hex, :telemetry, "1.0.0", "0f453a102cdf13d506b7c0ab158324c337c41f1cc7548f0bc0e130bbf0ae9452", [:rebar3], [], "hexpm", "73bc09fa59b4a0284efb4624335583c528e07ec9ae76aca96ea0673850aec57a"},
  "typed_struct": {:hex, :typed_struct, "0.2.1", "e1993414c371f09ff25231393b6430bd89d780e2a499ae3b2d2b00852f593d97", [:mix], [], "hexpm", "8f5218c35ec38262f627b2c522542f1eae41f625f92649c0af701a6fab2e11b3"},
  "uuid": {:hex, :uuid, "1.1.8", "e22fc04499de0de3ed1116b770c7737779f226ceefa0badb3592e64d5cfb4eb9", [:mix], [], "hexpm", "c790593b4c3b601f5dc2378baae7efaf5b3d73c4c6456ba85759905be792f2ac"},
  "yamerl": {:hex, :yamerl, "0.8.1", "07da13ffa1d8e13948943789665c62ccd679dfa7b324a4a2ed3149df17f453a4", [:rebar3], [], "hexpm", "96cb30f9d64344fed0ef8a92e9f16f207de6c04dfff4f366752ca79f5bceb23f"},
  "yaml_elixir": {:hex, :yaml_elixir, "2.8.0", "c7ff0034daf57279c2ce902788ce6fdb2445532eb4317e8df4b044209fae6832", [:mix], [{:yamerl, "~> 0.8", [hex: :yamerl, repo: "hexpm", optional: false]}], "hexpm", "4b674bd881e373d1ac6a790c64b2ecb69d1fd612c2af3b22de1619c15473830b"},
}
